
Microsoft Visual Studio Solution File, Format Version 12.00
# Visual Studio 2013
VisualStudioVersion = 12.0.21005.1
MinimumVisualStudioVersion = 10.0.40219.1
Project("{8BC9CEB8-8B4A-11D0-8D11-00A0C91BC942}") = "单链表习题", "单链表习题\单链表习题.vcxproj", "{C35E41A1-1E2A-44F1-8AF4-001F92E9E03C}"
EndProject
Global
	GlobalSection(SolutionConfigurationPlatforms) = preSolution
		Debug|Win32 = Debug|Win32
		Release|Win32 = Release|Win32
	EndGlobalSection
	GlobalSection(ProjectConfigurationPlatforms) = postSolution
		{C35E41A1-1E2A-44F1-8AF4-001F92E9E03C}.Debug|Win32.ActiveCfg = Debug|Win32
		{C35E41A1-1E2A-44F1-8AF4-001F92E9E03C}.Debug|Win32.Build.0 = Debug|Win32
		{C35E41A1-1E2A-44F1-8AF4-001F92E9E03C}.Release|Win32.ActiveCfg = Release|Win32
		{C35E41A1-1E2A-44F1-8AF4-001F92E9E03C}.Release|Win32.Build.0 = Release|Win32
	EndGlobalSection
	GlobalSection(SolutionProperties) = preSolution
		HideSolutionNode = FALSE
	EndGlobalSection
EndGlobal
